
Microsoft Visual Studio Solution File, Format Version 12.00
# Visual Studio Version 17
VisualStudioVersion = 17.2.32630.192
MinimumVisualStudioVersion = 10.0.40219.1
Project("{9A19103F-16F7-4668-BE54-9A1E7A4F7556}") = "ACE.Plugin.Crypto", "ACE.Plugin.Crypto\ACE.Plugin.Crypto.csproj", "{11BDB4EE-6AA0-4AAC-8AFA-82C6F74A80FA}"
EndProject
Project("{9A19103F-16F7-4668-BE54-9A1E7A4F7556}") = "ACE.Plugin.WebAPI", "ACE.Plugin.WebAPI\ACE.Plugin.WebAPI.csproj", "{0B809A34-4211-4B3D-954A-2CC1C1E6BE5C}"
EndProject
Project("{9A19103F-16F7-4668-BE54-9A1E7A4F7556}") = "ACE.Plugin.Transfer", "ACE.Plugin.Transfer\ACE.Plugin.Transfer.csproj", "{282FAD25-EE59-43F6-848F-C38ED1BAFB3C}"
	ProjectSection(ProjectDependencies) = postProject
		{0B809A34-4211-4B3D-954A-2CC1C1E6BE5C} = {0B809A34-4211-4B3D-954A-2CC1C1E6BE5C}
	EndProjectSection
EndProject
Project("{9A19103F-16F7-4668-BE54-9A1E7A4F7556}") = "ACE.Plugin.Web", "ACE.Plugin.Web\ACE.Plugin.Web.csproj", "{D53383AE-CED1-41F7-8B2B-9D9CFE8E506A}"
EndProject
Project("{2150E333-8FDC-42A3-9474-1A3956D46DE8}") = "Solution Items", "Solution Items", "{29560AE4-7454-48E8-9FF3-4CBD742B6136}"
	ProjectSection(SolutionItems) = preProject
		.editorconfig = .editorconfig
	EndProjectSection
EndProject
Global
	GlobalSection(SolutionConfigurationPlatforms) = preSolution
		Debug|Any CPU = Debug|Any CPU
		Debug|x64 = Debug|x64
		Release|Any CPU = Release|Any CPU
		Release|x64 = Release|x64
	EndGlobalSection
	GlobalSection(ProjectConfigurationPlatforms) = postSolution
		{11BDB4EE-6AA0-4AAC-8AFA-82C6F74A80FA}.Debug|Any CPU.ActiveCfg = Debug|Any CPU
		{11BDB4EE-6AA0-4AAC-8AFA-82C6F74A80FA}.Debug|Any CPU.Build.0 = Debug|Any CPU
		{11BDB4EE-6AA0-4AAC-8AFA-82C6F74A80FA}.Debug|x64.ActiveCfg = Debug|x64
		{11BDB4EE-6AA0-4AAC-8AFA-82C6F74A80FA}.Debug|x64.Build.0 = Debug|x64
		{11BDB4EE-6AA0-4AAC-8AFA-82C6F74A80FA}.Release|Any CPU.ActiveCfg = Release|Any CPU
		{11BDB4EE-6AA0-4AAC-8AFA-82C6F74A80FA}.Release|Any CPU.Build.0 = Release|Any CPU
		{11BDB4EE-6AA0-4AAC-8AFA-82C6F74A80FA}.Release|x64.ActiveCfg = Release|x64
		{11BDB4EE-6AA0-4AAC-8AFA-82C6F74A80FA}.Release|x64.Build.0 = Release|x64
		{0B809A34-4211-4B3D-954A-2CC1C1E6BE5C}.Debug|Any CPU.ActiveCfg = Debug|Any CPU
		{0B809A34-4211-4B3D-954A-2CC1C1E6BE5C}.Debug|Any CPU.Build.0 = Debug|Any CPU
		{0B809A34-4211-4B3D-954A-2CC1C1E6BE5C}.Debug|x64.ActiveCfg = Debug|x64
		{0B809A34-4211-4B3D-954A-2CC1C1E6BE5C}.Debug|x64.Build.0 = Debug|x64
		{0B809A34-4211-4B3D-954A-2CC1C1E6BE5C}.Release|Any CPU.ActiveCfg = Release|Any CPU
		{0B809A34-4211-4B3D-954A-2CC1C1E6BE5C}.Release|Any CPU.Build.0 = Release|Any CPU
		{0B809A34-4211-4B3D-954A-2CC1C1E6BE5C}.Release|x64.ActiveCfg = Release|Any CPU
		{0B809A34-4211-4B3D-954A-2CC1C1E6BE5C}.Release|x64.Build.0 = Release|Any CPU
		{282FAD25-EE59-43F6-848F-C38ED1BAFB3C}.Debug|Any CPU.ActiveCfg = Debug|Any CPU
		{282FAD25-EE59-43F6-848F-C38ED1BAFB3C}.Debug|Any CPU.Build.0 = Debug|Any CPU
		{282FAD25-EE59-43F6-848F-C38ED1BAFB3C}.Debug|x64.ActiveCfg = Debug|x64
		{282FAD25-EE59-43F6-848F-C38ED1BAFB3C}.Debug|x64.Build.0 = Debug|x64
		{282FAD25-EE59-43F6-848F-C38ED1BAFB3C}.Release|Any CPU.ActiveCfg = Release|Any CPU
		{282FAD25-EE59-43F6-848F-C38ED1BAFB3C}.Release|Any CPU.Build.0 = Release|Any CPU
		{282FAD25-EE59-43F6-848F-C38ED1BAFB3C}.Release|x64.ActiveCfg = Release|Any CPU
		{282FAD25-EE59-43F6-848F-C38ED1BAFB3C}.Release|x64.Build.0 = Release|Any CPU
		{D53383AE-CED1-41F7-8B2B-9D9CFE8E506A}.Debug|Any CPU.ActiveCfg = Debug|Any CPU
		{D53383AE-CED1-41F7-8B2B-9D9CFE8E506A}.Debug|Any CPU.Build.0 = Debug|Any CPU
		{D53383AE-CED1-41F7-8B2B-9D9CFE8E506A}.Debug|x64.ActiveCfg = Debug|Any CPU
		{D53383AE-CED1-41F7-8B2B-9D9CFE8E506A}.Debug|x64.Build.0 = Debug|Any CPU
		{D53383AE-CED1-41F7-8B2B-9D9CFE8E506A}.Release|Any CPU.ActiveCfg = Release|Any CPU
		{D53383AE-CED1-41F7-8B2B-9D9CFE8E506A}.Release|Any CPU.Build.0 = Release|Any CPU
		{D53383AE-CED1-41F7-8B2B-9D9CFE8E506A}.Release|x64.ActiveCfg = Release|Any CPU
		{D53383AE-CED1-41F7-8B2B-9D9CFE8E506A}.Release|x64.Build.0 = Release|Any CPU
	EndGlobalSection
	GlobalSection(SolutionProperties) = preSolution
		HideSolutionNode = FALSE
	EndGlobalSection
	GlobalSection(ExtensibilityGlobals) = postSolution
		SolutionGuid = {E9BF0926-1221-42C1-8E73-758866241639}
	EndGlobalSection
EndGlobal
